
Microsoft Visual Studio Solution File, Format Version 12.00
# Visual Studio 2012
Project("{FAE04EC0-301F-11D3-BF4B-00C04F79EFBC}") = "Gxs.Ecxpress", "Gxs.Ecxpress\Gxs.Ecxpress.csproj", "{CA0EC309-CBE7-472B-B27D-1DA5D6FA20D6}"
EndProject
Project("{FAE04EC0-301F-11D3-BF4B-00C04F79EFBC}") = "Gxs.Ecxpress.Tests", "Gxs.Ecxpress.Tests\Gxs.Ecxpress.Tests.csproj", "{2706C892-DC8C-4ACA-B737-0E3C6439E282}"
EndProject
Project("{2150E333-8FDC-42A3-9474-1A3956D46DE8}") = ".nuget", ".nuget", "{CBB5E641-B929-4007-9EB9-13CCF1054F81}"
	ProjectSection(SolutionItems) = preProject
		.nuget\NuGet.Config = .nuget\NuGet.Config
		.nuget\NuGet.exe = .nuget\NuGet.exe
		.nuget\NuGet.targets = .nuget\NuGet.targets
	EndProjectSection
EndProject
Global
	GlobalSection(SolutionConfigurationPlatforms) = preSolution
		Debug|Any CPU = Debug|Any CPU
		Release|Any CPU = Release|Any CPU
	EndGlobalSection
	GlobalSection(ProjectConfigurationPlatforms) = postSolution
		{CA0EC309-CBE7-472B-B27D-1DA5D6FA20D6}.Debug|Any CPU.ActiveCfg = Debug|Any CPU
		{CA0EC309-CBE7-472B-B27D-1DA5D6FA20D6}.Debug|Any CPU.Build.0 = Debug|Any CPU
		{CA0EC309-CBE7-472B-B27D-1DA5D6FA20D6}.Release|Any CPU.ActiveCfg = Release|Any CPU
		{CA0EC309-CBE7-472B-B27D-1DA5D6FA20D6}.Release|Any CPU.Build.0 = Release|Any CPU
		{2706C892-DC8C-4ACA-B737-0E3C6439E282}.Debug|Any CPU.ActiveCfg = Debug|Any CPU
		{2706C892-DC8C-4ACA-B737-0E3C6439E282}.Debug|Any CPU.Build.0 = Debug|Any CPU
		{2706C892-DC8C-4ACA-B737-0E3C6439E282}.Release|Any CPU.ActiveCfg = Release|Any CPU
		{2706C892-DC8C-4ACA-B737-0E3C6439E282}.Release|Any CPU.Build.0 = Release|Any CPU
	EndGlobalSection
	GlobalSection(SolutionProperties) = preSolution
		HideSolutionNode = FALSE
	EndGlobalSection
EndGlobal
